
Microsoft Visual Studio Solution File, Format Version 12.00
# Visual Studio Version 17
VisualStudioVersion = 17.4.33213.308
MinimumVisualStudioVersion = 10.0.40219.1
Project("{FAE04EC0-301F-11D3-BF4B-00C04F79EFBC}") = "ConsoleApp_DZ4", "ConsoleApp_DZ4\ConsoleApp_DZ4.csproj", "{420BA936-8736-484D-80C2-4FCBE362DC08}"
EndProject
Global
	GlobalSection(SolutionConfigurationPlatforms) = preSolution
		Debug|Any CPU = Debug|Any CPU
		Release|Any CPU = Release|Any CPU
	EndGlobalSection
	GlobalSection(ProjectConfigurationPlatforms) = postSolution
		{420BA936-8736-484D-80C2-4FCBE362DC08}.Debug|Any CPU.ActiveCfg = Debug|Any CPU
		{420BA936-8736-484D-80C2-4FCBE362DC08}.Debug|Any CPU.Build.0 = Debug|Any CPU
		{420BA936-8736-484D-80C2-4FCBE362DC08}.Release|Any CPU.ActiveCfg = Release|Any CPU
		{420BA936-8736-484D-80C2-4FCBE362DC08}.Release|Any CPU.Build.0 = Release|Any CPU
	EndGlobalSection
	GlobalSection(SolutionProperties) = preSolution
		HideSolutionNode = FALSE
	EndGlobalSection
	GlobalSection(ExtensibilityGlobals) = postSolution
		SolutionGuid = {3CB4690F-11EC-4403-BDB5-E9651E20E1EA}
	EndGlobalSection
EndGlobal
